
Microsoft Visual Studio Solution File, Format Version 12.00
# Visual Studio 15
VisualStudioVersion = 15.0.27130.2010
MinimumVisualStudioVersion = 10.0.40219.1
Project("{FAE04EC0-301F-11D3-BF4B-00C04F79EFBC}") = "cybershopnew", "cybershopnew\cybershopnew.csproj", "{CE04DE8E-6C49-47FC-96F4-A046E3521733}"
EndProject
Global
	GlobalSection(SolutionConfigurationPlatforms) = preSolution
		Debug|Any CPU = Debug|Any CPU
		Release|Any CPU = Release|Any CPU
	EndGlobalSection
	GlobalSection(ProjectConfigurationPlatforms) = postSolution
		{CE04DE8E-6C49-47FC-96F4-A046E3521733}.Debug|Any CPU.ActiveCfg = Debug|Any CPU
		{CE04DE8E-6C49-47FC-96F4-A046E3521733}.Debug|Any CPU.Build.0 = Debug|Any CPU
		{CE04DE8E-6C49-47FC-96F4-A046E3521733}.Release|Any CPU.ActiveCfg = Release|Any CPU
		{CE04DE8E-6C49-47FC-96F4-A046E3521733}.Release|Any CPU.Build.0 = Release|Any CPU
	EndGlobalSection
	GlobalSection(SolutionProperties) = preSolution
		HideSolutionNode = FALSE
	EndGlobalSection
	GlobalSection(ExtensibilityGlobals) = postSolution
		SolutionGuid = {2813195F-8E73-4C64-AA23-769B31D446E6}
	EndGlobalSection
EndGlobal
